
Microsoft Visual Studio Solution File, Format Version 12.00
# Visual Studio Version 16
VisualStudioVersion = 16.0.30621.155
MinimumVisualStudioVersion = 10.0.40219.1
Project("{FAE04EC0-301F-11D3-BF4B-00C04F79EFBC}") = "IncidentWebApi", "IncidentWebApi\IncidentWebApi.csproj", "{27564ECC-8135-40C0-83F2-5AB4A96D9EC8}"
EndProject
Global
	GlobalSection(SolutionConfigurationPlatforms) = preSolution
		Debug|Any CPU = Debug|Any CPU
		Release|Any CPU = Release|Any CPU
	EndGlobalSection
	GlobalSection(ProjectConfigurationPlatforms) = postSolution
		{27564ECC-8135-40C0-83F2-5AB4A96D9EC8}.Debug|Any CPU.ActiveCfg = Debug|Any CPU
		{27564ECC-8135-40C0-83F2-5AB4A96D9EC8}.Debug|Any CPU.Build.0 = Debug|Any CPU
		{27564ECC-8135-40C0-83F2-5AB4A96D9EC8}.Release|Any CPU.ActiveCfg = Release|Any CPU
		{27564ECC-8135-40C0-83F2-5AB4A96D9EC8}.Release|Any CPU.Build.0 = Release|Any CPU
	EndGlobalSection
	GlobalSection(SolutionProperties) = preSolution
		HideSolutionNode = FALSE
	EndGlobalSection
	GlobalSection(ExtensibilityGlobals) = postSolution
		SolutionGuid = {38CB2CE4-D8FE-465D-98E6-9EFD6532BAF4}
	EndGlobalSection
EndGlobal
